
Microsoft Visual Studio Solution File, Format Version 12.00
# Visual Studio Version 17
VisualStudioVersion = 17.3.32929.385
MinimumVisualStudioVersion = 10.0.40219.1
Project("{FAE04EC0-301F-11D3-BF4B-00C04F79EFBC}") = "TomlToJson", "TomlToJson.csproj", "{AD0AC5BA-5DAA-454F-A9F8-25B2BC01D282}"
EndProject
Global
	GlobalSection(SolutionConfigurationPlatforms) = preSolution
		Debug|Any CPU = Debug|Any CPU
		Release|Any CPU = Release|Any CPU
	EndGlobalSection
	GlobalSection(ProjectConfigurationPlatforms) = postSolution
		{AD0AC5BA-5DAA-454F-A9F8-25B2BC01D282}.Debug|Any CPU.ActiveCfg = Debug|Any CPU
		{AD0AC5BA-5DAA-454F-A9F8-25B2BC01D282}.Debug|Any CPU.Build.0 = Debug|Any CPU
		{AD0AC5BA-5DAA-454F-A9F8-25B2BC01D282}.Release|Any CPU.ActiveCfg = Release|Any CPU
		{AD0AC5BA-5DAA-454F-A9F8-25B2BC01D282}.Release|Any CPU.Build.0 = Release|Any CPU
	EndGlobalSection
	GlobalSection(SolutionProperties) = preSolution
		HideSolutionNode = FALSE
	EndGlobalSection
	GlobalSection(ExtensibilityGlobals) = postSolution
		SolutionGuid = {C2779039-34D6-49B0-8023-841050235AE6}
	EndGlobalSection
EndGlobal
